// !$*UTF8*$!
{
	archiveVersion = 1;
	classes = {
	};
	objectVersion = 46;
	objects = {

/* Begin PBXBuildFile section */
		9AEBE8961C7C45DF007351C2 /* main.m in Sources */ = {isa = PBXBuildFile; fileRef = 9AEBE8951C7C45DF007351C2 /* main.m */; };
		9AEBE8991C7C45DF007351C2 /* AppDelegate.m in Sources */ = {isa = PBXBuildFile; fileRef = 9AEBE8981C7C45DF007351C2 /* AppDelegate.m */; };
		9AEBE89C1C7C45DF007351C2 /* ViewController.m in Sources */ = {isa = PBXBuildFile; fileRef = 9AEBE89B1C7C45DF007351C2 /* ViewController.m */; };
		9AEBE89F1C7C45DF007351C2 /* Main.storyboard in Resources */ = {isa = PBXBuildFile; fileRef = 9AEBE89D1C7C45DF007351C2 /* Main.storyboard */; };
		9AEBE8A11C7C45DF007351C2 /* Assets.xcassets in Resources */ = {isa = PBXBuildFile; fileRef = 9AEBE8A01C7C45DF007351C2 /* Assets.xcassets */; };
		9AEBE8A41C7C45DF007351C2 /* LaunchScreen.storyboard in Resources */ = {isa = PBXBuildFile; fileRef = 9AEBE8A21C7C45DF007351C2 /* LaunchScreen.storyboard */; };
		9AEBE8AF1C7C45DF007351C2 /* Demo_gitTests.m in Sources */ = {isa = PBXBuildFile; fileRef = 9AEBE8AE1C7C45DF007351C2 /* Demo_gitTests.m */; };
		9AEBE8BA1C7C45DF007351C2 /* Demo_gitUITests.m in Sources */ = {isa = PBXBuildFile; fileRef = 9AEBE8B91C7C45DF007351C2 /* Demo_gitUITests.m */; };
/* End PBXBuildFile section */

/* Begin PBXContainerItemProxy section */
		9AEBE8AB1C7C45DF007351C2 /* PBXContainerItemProxy */ = {
			isa = PBXContainerItemProxy;
			containerPortal = 9AEBE8891C7C45DF007351C2 /* Project object */;
			proxyType = 1;
			remoteGlobalIDString = 9AEBE8901C7C45DF007351C2;
			remoteInfo = "Demo-git";
		};
		9AEBE8B61C7C45DF007351C2 /* PBXContainerItemProxy */ = {
			isa = PBXContainerItemProxy;
			containerPortal = 9AEBE8891C7C45DF007351C2 /* Project object */;
			proxyType = 1;
			remoteGlobalIDString = 9AEBE8901C7C45DF007351C2;
			remoteInfo = "Demo-git";
		};
/* End PBXContainerItemProxy section */

/* Begin PBXFileReference section */
		9AEBE8911C7C45DF007351C2 /* Demo-git.app */ = {isa = PBXFileReference; explicitFileType = wrapper.application; includeInIndex = 0; path = "Demo-git.app"; sourceTree = BUILT_PRODUCTS_DIR; };
		9AEBE8951C7C45DF007351C2 /* main.m */ = {isa = PBXFileReference; lastKnownFileType = sourcecode.c.objc; path = main.m; sourceTree = "<group>"; };
		9AEBE8971C7C45DF007351C2 /* AppDelegate.h */ = {isa = PBXFileReference; lastKnownFileType = sourcecode.c.h; path = AppDelegate.h; sourceTree = "<group>"; };
		9AEBE8981C7C45DF007351C2 /* AppDelegate.m */ = {isa = PBXFileReference; lastKnownFileType = sourcecode.c.objc; path = AppDelegate.m; sourceTree = "<group>"; };
		9AEBE89A1C7C45DF007351C2 /* ViewController.h */ = {isa = PBXFileReference; lastKnownFileType = sourcecode.c.h; path = ViewController.h; sourceTree = "<group>"; };
		9AEBE89B1C7C45DF007351C2 /* ViewController.m */ = {isa = PBXFileReference; lastKnownFileType = sourcecode.c.objc; path = ViewController.m; sourceTree = "<group>"; };
		9AEBE89E1C7C45DF007351C2 /* Base */ = {isa = PBXFileReference; lastKnownFileType = file.storyboard; name = Base; path = Base.lproj/Main.storyboard; sourceTree = "<group>"; };
		9AEBE8A01C7C45DF007351C2 /* Assets.xcassets */ = {isa = PBXFileReference; lastKnownFileType = folder.assetcatalog; path = Assets.xcassets; sourceTree = "<group>"; };
		9AEBE8A31C7C45DF007351C2 /* Base */ = {isa = PBXFileReference; lastKnownFileType = file.storyboard; name = Base; path = Base.lproj/LaunchScreen.storyboard; sourceTree = "<group>"; };
		9AEBE8A51C7C45DF007351C2 /* Info.plist */ = {isa = PBXFileReference; lastKnownFileType = text.plist.xml; path = Info.plist; sourceTree = "<group>"; };
		9AEBE8AA1C7C45DF007351C2 /* Demo-gitTests.xctest */ = {isa = PBXFileReference; explicitFileType = wrapper.cfbundle; includeInIndex = 0; path = "Demo-gitTests.xctest"; sourceTree = BUILT_PRODUCTS_DIR; };
		9AEBE8AE1C7C45DF007351C2 /* Demo_gitTests.m */ = {isa = PBXFileReference; lastKnownFileType = sourcecode.c.objc; path = Demo_gitTests.m; sourceTree = "<group>"; };
		9AEBE8B01C7C45DF007351C2 /* Info.plist */ = {isa = PBXFileReference; lastKnownFileType = text.plist.xml; path = Info.plist; sourceTree = "<group>"; };
		9AEBE8B51C7C45DF007351C2 /* Demo-gitUITests.xctest */ = {isa = PBXFileReference; explicitFileType = wrapper.cfbundle; includeInIndex = 0; path = "Demo-gitUITests.xctest"; sourceTree = BUILT_PRODUCTS_DIR; };
		9AEBE8B91C7C45DF007351C2 /* Demo_gitUITests.m */ = {isa = PBXFileReference; lastKnownFileType = sourcecode.c.objc; path = Demo_gitUITests.m; sourceTree = "<group>"; };
		9AEBE8BB1C7C45E0007351C2 /* Info.plist */ = {isa = PBXFileReference; lastKnownFileType = text.plist.xml; path = Info.plist; sourceTree = "<group>"; };
/* End PBXFileReference section */

/* Begin PBXFrameworksBuildPhase section */
		9AEBE88E1C7C45DF007351C2 /* Frameworks */ = {
			isa = PBXFrameworksBuildPhase;
			buildActionMask = 2147483647;
			files = (
			);
			runOnlyForDeploymentPostprocessing = 0;
		};
		9AEBE8A71C7C45DF007351C2 /* Frameworks */ = {
			isa = PBXFrameworksBuildPhase;
			buildActionMask = 2147483647;
			files = (
			);
			runOnlyForDeploymentPostprocessing = 0;
		};
		9AEBE8B21C7C45DF007351C2 /* Frameworks */ = {
			isa = PBXFrameworksBuildPhase;
			buildActionMask = 2147483647;
			files = (
			);
			runOnlyForDeploymentPostprocessing = 0;
		};
/* End PBXFrameworksBuildPhase section */

/* Begin PBXGroup section */
		9AEBE8881C7C45DF007351C2 = {
			isa = PBXGroup;
			children = (
				9AEBE8931C7C45DF007351C2 /* Demo-git */,
				9AEBE8AD1C7C45DF007351C2 /* Demo-gitTests */,
				9AEBE8B81C7C45DF007351C2 /* Demo-gitUITests */,
				9AEBE8921C7C45DF007351C2 /* Products */,
			);
			sourceTree = "<group>";
		};
		9AEBE8921C7C45DF007351C2 /* Products */ = {
			isa = PBXGroup;
			children = (
				9AEBE8911C7C45DF007351C2 /* Demo-git.app */,
				9AEBE8AA1C7C45DF007351C2 /* Demo-gitTests.xctest */,
				9AEBE8B51C7C45DF007351C2 /* Demo-gitUITests.xctest */,
			);
			name = Products;
			sourceTree = "<group>";
		};
		9AEBE8931C7C45DF007351C2 /* Demo-git */ = {
			isa = PBXGroup;
			children = (
				9AEBE8971C7C45DF007351C2 /* AppDelegate.h */,
				9AEBE8981C7C45DF007351C2 /* AppDelegate.m */,
				9AEBE89A1C7C45DF007351C2 /* ViewController.h */,
				9AEBE89B1C7C45DF007351C2 /* ViewController.m */,
				9AEBE89D1C7C45DF007351C2 /* Main.storyboard */,
				9AEBE8A01C7C45DF007351C2 /* Assets.xcassets */,
				9AEBE8A21C7C45DF007351C2 /* LaunchScreen.storyboard */,
				9AEBE8A51C7C45DF007351C2 /* Info.plist */,
				9AEBE8941C7C45DF007351C2 /* Supporting Files */,
			);
			path = "Demo-git";
			sourceTree = "<group>";
		};
		9AEBE8941C7C45DF007351C2 /* Supporting Files */ = {
			isa = PBXGroup;
			children = (
				9AEBE8951C7C45DF007351C2 /* main.m */,
			);
			name = "Supporting Files";
			sourceTree = "<group>";
		};
		9AEBE8AD1C7C45DF007351C2 /* Demo-gitTests */ = {
			isa = PBXGroup;
			children = (
				9AEBE8AE1C7C45DF007351C2 /* Demo_gitTests.m */,
				9AEBE8B01C7C45DF007351C2 /* Info.plist */,
			);
			path = "Demo-gitTests";
			sourceTree = "<group>";
		};
		9AEBE8B81C7C45DF007351C2 /* Demo-gitUITests */ = {
			isa = PBXGroup;
			children = (
				9AEBE8B91C7C45DF007351C2 /* Demo_gitUITests.m */,
				9AEBE8BB1C7C45E0007351C2 /* Info.plist */,
			);
			path = "Demo-gitUITests";
			sourceTree = "<group>";
		};
/* End PBXGroup section */

/* Begin PBXNativeTarget section */
		9AEBE8901C7C45DF007351C2 /* Demo-git */ = {
			isa = PBXNativeTarget;
			buildConfigurationList = 9AEBE8BE1C7C45E0007351C2 /* Build configuration list for PBXNativeTarget "Demo-git" */;
			buildPhases = (
				9AEBE88D1C7C45DF007351C2 /* Sources */,
				9AEBE88E1C7C45DF007351C2 /* Frameworks */,
				9AEBE88F1C7C45DF007351C2 /* Resources */,
			);
			buildRules = (
			);
			dependencies = (
			);
			name = "Demo-git";
			productName = "Demo-git";
			productReference = 9AEBE8911C7C45DF007351C2 /* Demo-git.app */;
			productType = "com.apple.product-type.application";
		};
		9AEBE8A91C7C45DF007351C2 /* Demo-gitTests */ = {
			isa = PBXNativeTarget;
			buildConfigurationList = 9AEBE8C11C7C45E0007351C2 /* Build configuration list for PBXNativeTarget "Demo-gitTests" */;
			buildPhases = (
				9AEBE8A61C7C45DF007351C2 /* Sources */,
				9AEBE8A71C7C45DF007351C2 /* Frameworks */,
				9AEBE8A81C7C45DF007351C2 /* Resources */,
			);
			buildRules = (
			);
			dependencies = (
				9AEBE8AC1C7C45DF007351C2 /* PBXTargetDependency */,
			);
			name = "Demo-gitTests";
			productName = "Demo-gitTests";
			productReference = 9AEBE8AA1C7C45DF007351C2 /* Demo-gitTests.xctest */;
			productType = "com.apple.product-type.bundle.unit-test";
		};
		9AEBE8B41C7C45DF007351C2 /* Demo-gitUITests */ = {
			isa = PBXNativeTarget;
			buildConfigurationList = 9AEBE8C41C7C45E0007351C2 /* Build configuration list for PBXNativeTarget "Demo-gitUITests" */;
			buildPhases = (
				9AEBE8B11C7C45DF007351C2 /* Sources */,
				9AEBE8B21C7C45DF007351C2 /* Frameworks */,
				9AEBE8B31C7C45DF007351C2 /* Resources */,
			);
			buildRules = (
			);
			dependencies = (
				9AEBE8B71C7C45DF007351C2 /* PBXTargetDependency */,
			);
			name = "Demo-gitUITests";
			productName = "Demo-gitUITests";
			productReference = 9AEBE8B51C7C45DF007351C2 /* Demo-gitUITests.xctest */;
			productType = "com.apple.product-type.bundle.ui-testing";
		};
/* End PBXNativeTarget section */

/* Begin PBXProject section */
		9AEBE8891C7C45DF007351C2 /* Project object */ = {
			isa = PBXProject;
			attributes = {
				LastUpgradeCheck = 0720;
				ORGANIZATIONNAME = YU;
				TargetAttributes = {
					9AEBE8901C7C45DF007351C2 = {
						CreatedOnToolsVersion = 7.2;
					};
					9AEBE8A91C7C45DF007351C2 = {
						CreatedOnToolsVersion = 7.2;
						TestTargetID = 9AEBE8901C7C45DF007351C2;
					};
					9AEBE8B41C7C45DF007351C2 = {
						CreatedOnToolsVersion = 7.2;
						TestTargetID = 9AEBE8901C7C45DF007351C2;
					};
				};
			};
			buildConfigurationList = 9AEBE88C1C7C45DF007351C2 /* Build configuration list for PBXProject "Demo-git" */;
			compatibilityVersion = "Xcode 3.2";
			developmentRegion = English;
			hasScannedForEncodings = 0;
			knownRegions = (
				en,
				Base,
			);
			mainGroup = 9AEBE8881C7C45DF007351C2;
			productRefGroup = 9AEBE8921C7C45DF007351C2 /* Products */;
			projectDirPath = "";
			projectRoot = "";
			targets = (
				9AEBE8901C7C45DF007351C2 /* Demo-git */,
				9AEBE8A91C7C45DF007351C2 /* Demo-gitTests */,
				9AEBE8B41C7C45DF007351C2 /* Demo-gitUITests */,
			);
		};
/* End PBXProject section */

/* Begin PBXResourcesBuildPhase section */
		9AEBE88F1C7C45DF007351C2 /* Resources */ = {
			isa = PBXResourcesBuildPhase;
			buildActionMask = 2147483647;
			files = (
				9AEBE8A41C7C45DF007351C2 /* LaunchScreen.storyboard in Resources */,
				9AEBE8A11C7C45DF007351C2 /* Assets.xcassets in Resources */,
				9AEBE89F1C7C45DF007351C2 /* Main.storyboard in Resources */,
			);
			runOnlyForDeploymentPostprocessing = 0;
		};
		9AEBE8A81C7C45DF007351C2 /* Resources */ = {
			isa = PBXResourcesBuildPhase;
			buildActionMask = 2147483647;
			files = (
			);
			runOnlyForDeploymentPostprocessing = 0;
		};
		9AEBE8B31C7C45DF007351C2 /* Resources */ = {
			isa = PBXResourcesBuildPhase;
			buildActionMask = 2147483647;
			files = (
			);
			runOnlyForDeploymentPostprocessing = 0;
		};
/* End PBXResourcesBuildPhase section */

/* Begin PBXSourcesBuildPhase section */
		9AEBE88D1C7C45DF007351C2 /* Sources */ = {
			isa = PBXSourcesBuildPhase;
			buildActionMask = 2147483647;
			files = (
				9AEBE89C1C7C45DF007351C2 /* ViewController.m in Sources */,
				9AEBE8991C7C45DF007351C2 /* AppDelegate.m in Sources */,
				9AEBE8961C7C45DF007351C2 /* main.m in Sources */,
			);
			runOnlyForDeploymentPostprocessing = 0;
		};
		9AEBE8A61C7C45DF007351C2 /* Sources */ = {
			isa = PBXSourcesBuildPhase;
			buildActionMask = 2147483647;
			files = (
				9AEBE8AF1C7C45DF007351C2 /* Demo_gitTests.m in Sources */,
			);
			runOnlyForDeploymentPostprocessing = 0;
		};
		9AEBE8B11C7C45DF007351C2 /* Sources */ = {
			isa = PBXSourcesBuildPhase;
			buildActionMask = 2147483647;
			files = (
				9AEBE8BA1C7C45DF007351C2 /* Demo_gitUITests.m in Sources */,
			);
			runOnlyForDeploymentPostprocessing = 0;
		};
/* End PBXSourcesBuildPhase section */

/* Begin PBXTargetDependency section */
		9AEBE8AC1C7C45DF007351C2 /* PBXTargetDependency */ = {
			isa = PBXTargetDependency;
			target = 9AEBE8901C7C45DF007351C2 /* Demo-git */;
			targetProxy = 9AEBE8AB1C7C45DF007351C2 /* PBXContainerItemProxy */;
		};
		9AEBE8B71C7C45DF007351C2 /* PBXTargetDependency */ = {
			isa = PBXTargetDependency;
			target = 9AEBE8901C7C45DF007351C2 /* Demo-git */;
			targetProxy = 9AEBE8B61C7C45DF007351C2 /* PBXContainerItemProxy */;
		};
/* End PBXTargetDependency section */

/* Begin PBXVariantGroup section */
		9AEBE89D1C7C45DF007351C2 /* Main.storyboard */ = {
			isa = PBXVariantGroup;
			children = (
				9AEBE89E1C7C45DF007351C2 /* Base */,
			);
			name = Main.storyboard;
			sourceTree = "<group>";
		};
		9AEBE8A21C7C45DF007351C2 /* LaunchScreen.storyboard */ = {
			isa = PBXVariantGroup;
			children = (
				9AEBE8A31C7C45DF007351C2 /* Base */,
			);
			name = LaunchScreen.storyboard;
			sourceTree = "<group>";
		};
/* End PBXVariantGroup section */

/* Begin XCBuildConfiguration section */
		9AEBE8BC1C7C45E0007351C2 /* Debug */ = {
			isa = XCBuildConfiguration;
			buildSettings = {
				ALWAYS_SEARCH_USER_PATHS = NO;
				CLANG_CXX_LANGUAGE_STANDARD = "gnu++0x";
				CLANG_CXX_LIBRARY = "libc++";
				CLANG_ENABLE_MODULES = YES;
				CLANG_ENABLE_OBJC_ARC = YES;
				CLANG_WARN_BOOL_CONVERSION = YES;
				CLANG_WARN_CONSTANT_CONVERSION = YES;
				CLANG_WARN_DIRECT_OBJC_ISA_USAGE = YES_ERROR;
				CLANG_WARN_EMPTY_BODY = YES;
				CLANG_WARN_ENUM_CONVERSION = YES;
				CLANG_WARN_INT_CONVERSION = YES;
				CLANG_WARN_OBJC_ROOT_CLASS = YES_ERROR;
				CLANG_WARN_UNREACHABLE_CODE = YES;
				CLANG_WARN__DUPLICATE_METHOD_MATCH = YES;
				"CODE_SIGN_IDENTITY[sdk=iphoneos*]" = "iPhone Developer";
				COPY_PHASE_STRIP = NO;
				DEBUG_INFORMATION_FORMAT = dwarf;
				ENABLE_STRICT_OBJC_MSGSEND = YES;
				ENABLE_TESTABILITY = YES;
				GCC_C_LANGUAGE_STANDARD = gnu99;
				GCC_DYNAMIC_NO_PIC = NO;
				GCC_NO_COMMON_BLOCKS = YES;
				GCC_OPTIMIZATION_LEVEL = 0;
				GCC_PREPROCESSOR_DEFINITIONS = (
					"DEBUG=1",
					"$(inherited)",
				);
				GCC_WARN_64_TO_32_BIT_CONVERSION = YES;
				GCC_WARN_ABOUT_RETURN_TYPE = YES_ERROR;
				GCC_WARN_UNDECLARED_SELECTOR = YES;
				GCC_WARN_UNINITIALIZED_AUTOS = YES_AGGRESSIVE;
				GCC_WARN_UNUSED_FUNCTION = YES;
				GCC_WARN_UNUSED_VARIABLE = YES;
				IPHONEOS_DEPLOYMENT_TARGET = 9.2;
				MTL_ENABLE_DEBUG_INFO = YES;
				ONLY_ACTIVE_ARCH = YES;
				SDKROOT = iphoneos;
			};
			name = Debug;
		};
		9AEBE8BD1C7C45E0007351C2 /* Release */ = {
			isa = XCBuildConfiguration;
			buildSettings = {
				ALWAYS_SEARCH_USER_PATHS = NO;
				CLANG_CXX_LANGUAGE_STANDARD = "gnu++0x";
				CLANG_CXX_LIBRARY = "libc++";
				CLANG_ENABLE_MODULES = YES;
				CLANG_ENABLE_OBJC_ARC = YES;
				CLANG_WARN_BOOL_CONVERSION = YES;
				CLANG_WARN_CONSTANT_CONVERSION = YES;
				CLANG_WARN_DIRECT_OBJC_ISA_USAGE = YES_ERROR;
				CLANG_WARN_EMPTY_BODY = YES;
				CLANG_WARN_ENUM_CONVERSION = YES;
				CLANG_WARN_INT_CONVERSION = YES;
				CLANG_WARN_OBJC_ROOT_CLASS = YES_ERROR;
				CLANG_WARN_UNREACHABLE_CODE = YES;
				CLANG_WARN__DUPLICATE_METHOD_MATCH = YES;
				"CODE_SIGN_IDENTITY[sdk=iphoneos*]" = "iPhone Developer";
				COPY_PHASE_STRIP = NO;
				DEBUG_INFORMATION_FORMAT = "dwarf-with-dsym";
				ENABLE_NS_ASSERTIONS = NO;
				ENABLE_STRICT_OBJC_MSGSEND = YES;
				GCC_C_LANGUAGE_STANDARD = gnu99;
				GCC_NO_COMMON_BLOCKS = YES;
				GCC_WARN_64_TO_32_BIT_CONVERSION = YES;
				GCC_WARN_ABOUT_RETURN_TYPE = YES_ERROR;
				GCC_WARN_UNDECLARED_SELECTOR = YES;
				GCC_WARN_UNINITIALIZED_AUTOS = YES_AGGRESSIVE;
				GCC_WARN_UNUSED_FUNCTION = YES;
				GCC_WARN_UNUSED_VARIABLE = YES;
				IPHONEOS_DEPLOYMENT_TARGET = 9.2;
				MTL_ENABLE_DEBUG_INFO = NO;
				SDKROOT = iphoneos;
				VALIDATE_PRODUCT = YES;
			};
			name = Release;
		};
		9AEBE8BF1C7C45E0007351C2 /* Debug */ = {
			isa = XCBuildConfiguration;
			buildSettings = {
				ASSETCATALOG_COMPILER_APPICON_NAME = AppIcon;
				INFOPLIST_FILE = "Demo-git/Info.plist";
				LD_RUNPATH_SEARCH_PATHS = "$(inherited) @executable_path/Frameworks";
				PRODUCT_BUNDLE_IDENTIFIER = "ccwi.cn.Demo-git";
				PRODUCT_NAME = "$(TARGET_NAME)";
			};
			name = Debug;
		};
		9AEBE8C01C7C45E0007351C2 /* Release */ = {
			isa = XCBuildConfiguration;
			buildSettings = {
				ASSETCATALOG_COMPILER_APPICON_NAME = AppIcon;
				INFOPLIST_FILE = "Demo-git/Info.plist";
				LD_RUNPATH_SEARCH_PATHS = "$(inherited) @executable_path/Frameworks";
				PRODUCT_BUNDLE_IDENTIFIER = "ccwi.cn.Demo-git";
				PRODUCT_NAME = "$(TARGET_NAME)";
			};
			name = Release;
		};
		9AEBE8C21C7C45E0007351C2 /* Debug */ = {
			isa = XCBuildConfiguration;
			buildSettings = {
				BUNDLE_LOADER = "$(TEST_HOST)";
				INFOPLIST_FILE = "Demo-gitTests/Info.plist";
				LD_RUNPATH_SEARCH_PATHS = "$(inherited) @executable_path/Frameworks @loader_path/Frameworks";
				PRODUCT_BUNDLE_IDENTIFIER = "ccwi.cn.Demo-gitTests";
				PRODUCT_NAME = "$(TARGET_NAME)";
				TEST_HOST = "$(BUILT_PRODUCTS_DIR)/Demo-git.app/Demo-git";
			};
			name = Debug;
		};
		9AEBE8C31C7C45E0007351C2 /* Release */ = {
			isa = XCBuildConfiguration;
			buildSettings = {
				BUNDLE_LOADER = "$(TEST_HOST)";
				INFOPLIST_FILE = "Demo-gitTests/Info.plist";
				LD_RUNPATH_SEARCH_PATHS = "$(inherited) @executable_path/Frameworks @loader_path/Frameworks";
				PRODUCT_BUNDLE_IDENTIFIER = "ccwi.cn.Demo-gitTests";
				PRODUCT_NAME = "$(TARGET_NAME)";
				TEST_HOST = "$(BUILT_PRODUCTS_DIR)/Demo-git.app/Demo-git";
			};
			name = Release;
		};
		9AEBE8C51C7C45E0007351C2 /* Debug */ = {
			isa = XCBuildConfiguration;
			buildSettings = {
				INFOPLIST_FILE = "Demo-gitUITests/Info.plist";
				LD_RUNPATH_SEARCH_PATHS = "$(inherited) @executable_path/Frameworks @loader_path/Frameworks";
				PRODUCT_BUNDLE_IDENTIFIER = "ccwi.cn.Demo-gitUITests";
				PRODUCT_NAME = "$(TARGET_NAME)";
				TEST_TARGET_NAME = "Demo-git";
				USES_XCTRUNNER = YES;
			};
			name = Debug;
		};
		9AEBE8C61C7C45E0007351C2 /* Release */ = {
			isa = XCBuildConfiguration;
			buildSettings = {
				INFOPLIST_FILE = "Demo-gitUITests/Info.plist";
				LD_RUNPATH_SEARCH_PATHS = "$(inherited) @executable_path/Frameworks @loader_path/Frameworks";
				PRODUCT_BUNDLE_IDENTIFIER = "ccwi.cn.Demo-gitUITests";
				PRODUCT_NAME = "$(TARGET_NAME)";
				TEST_TARGET_NAME = "Demo-git";
				USES_XCTRUNNER = YES;
			};
			name = Release;
		};
/* End XCBuildConfiguration section */

/* Begin XCConfigurationList section */
		9AEBE88C1C7C45DF007351C2 /* Build configuration list for PBXProject "Demo-git" */ = {
			isa = XCConfigurationList;
			buildConfigurations = (
				9AEBE8BC1C7C45E0007351C2 /* Debug */,
				9AEBE8BD1C7C45E0007351C2 /* Release */,
			);
			defaultConfigurationIsVisible = 0;
			defaultConfigurationName = Release;
		};
		9AEBE8BE1C7C45E0007351C2 /* Build configuration list for PBXNativeTarget "Demo-git" */ = {
			isa = XCConfigurationList;
			buildConfigurations = (
				9AEBE8BF1C7C45E0007351C2 /* Debug */,
				9AEBE8C01C7C45E0007351C2 /* Release */,
			);
			defaultConfigurationIsVisible = 0;
		};
		9AEBE8C11C7C45E0007351C2 /* Build configuration list for PBXNativeTarget "Demo-gitTests" */ = {
			isa = XCConfigurationList;
			buildConfigurations = (
				9AEBE8C21C7C45E0007351C2 /* Debug */,
				9AEBE8C31C7C45E0007351C2 /* Release */,
			);
			defaultConfigurationIsVisible = 0;
		};
		9AEBE8C41C7C45E0007351C2 /* Build configuration list for PBXNativeTarget "Demo-gitUITests" */ = {
			isa = XCConfigurationList;
			buildConfigurations = (
				9AEBE8C51C7C45E0007351C2 /* Debug */,
				9AEBE8C61C7C45E0007351C2 /* Release */,
			);
			defaultConfigurationIsVisible = 0;
		};
/* End XCConfigurationList section */
	};
	rootObject = 9AEBE8891C7C45DF007351C2 /* Project object */;
}
